
Microsoft Visual Studio Solution File, Format Version 11.00
# Visual Studio 2010
Project("{FAE04EC0-301F-11D3-BF4B-00C04F79EFBC}") = "The Stack", "Assembly-CSharp.csproj", "{8439E3D9-6A91-A768-8BF9-01B363356203}"
EndProject
Global
	GlobalSection(SolutionConfigurationPlatforms) = preSolution
		Debug|Any CPU = Debug|Any CPU
		Release|Any CPU = Release|Any CPU
	EndGlobalSection
	GlobalSection(ProjectConfigurationPlatforms) = postSolution
		{8439E3D9-6A91-A768-8BF9-01B363356203}.Debug|Any CPU.ActiveCfg = Debug|Any CPU
		{8439E3D9-6A91-A768-8BF9-01B363356203}.Debug|Any CPU.Build.0 = Debug|Any CPU
		{8439E3D9-6A91-A768-8BF9-01B363356203}.Release|Any CPU.ActiveCfg = Release|Any CPU
		{8439E3D9-6A91-A768-8BF9-01B363356203}.Release|Any CPU.Build.0 = Release|Any CPU
	EndGlobalSection
	GlobalSection(SolutionProperties) = preSolution
		HideSolutionNode = FALSE
	EndGlobalSection
	GlobalSection(MonoDevelopProperties) = preSolution
		StartupItem = Assembly-CSharp.csproj
	EndGlobalSection
EndGlobal
